
Microsoft Visual Studio Solution File, Format Version 12.00
# Visual Studio Version 17
VisualStudioVersion = 17.1.32328.378
MinimumVisualStudioVersion = 10.0.40219.1
Project("{2150E333-8FDC-42A3-9474-1A3956D46DE8}") = "API", "API", "{E497B38D-8B03-4B88-A10C-2501A23745E3}"
EndProject
Project("{FAE04EC0-301F-11D3-BF4B-00C04F79EFBC}") = "APIWeb2", "APIWeb2\APIWeb2.csproj", "{05C6A43F-77CF-4B93-BEC0-C451309F663C}"
EndProject
Global
	GlobalSection(SolutionConfigurationPlatforms) = preSolution
		Debug|Any CPU = Debug|Any CPU
		Release|Any CPU = Release|Any CPU
	EndGlobalSection
	GlobalSection(ProjectConfigurationPlatforms) = postSolution
		{05C6A43F-77CF-4B93-BEC0-C451309F663C}.Debug|Any CPU.ActiveCfg = Debug|Any CPU
		{05C6A43F-77CF-4B93-BEC0-C451309F663C}.Debug|Any CPU.Build.0 = Debug|Any CPU
		{05C6A43F-77CF-4B93-BEC0-C451309F663C}.Release|Any CPU.ActiveCfg = Release|Any CPU
		{05C6A43F-77CF-4B93-BEC0-C451309F663C}.Release|Any CPU.Build.0 = Release|Any CPU
	EndGlobalSection
	GlobalSection(SolutionProperties) = preSolution
		HideSolutionNode = FALSE
	EndGlobalSection
	GlobalSection(NestedProjects) = preSolution
		{05C6A43F-77CF-4B93-BEC0-C451309F663C} = {E497B38D-8B03-4B88-A10C-2501A23745E3}
	EndGlobalSection
	GlobalSection(ExtensibilityGlobals) = postSolution
		SolutionGuid = {199459D7-89F8-4A3D-A129-80D7B576C596}
	EndGlobalSection
EndGlobal
